// !$*UTF8*$!
{
	archiveVersion = 1;
	classes = {
	};
	objectVersion = 46;
	objects = {

/* Begin PBXBuildFile section */
		034A7A921E4D31F700619BFF /* UserDefaults+AppGroup.swift in Sources */ = {isa = PBXBuildFile; fileRef = 034A7A911E4D31F700619BFF /* UserDefaults+AppGroup.swift */; };
		034A7A941E4D33DE00619BFF /* AddFlightViewController.swift in Sources */ = {isa = PBXBuildFile; fileRef = 034A7A931E4D33DE00619BFF /* AddFlightViewController.swift */; };
		0350634F24FA32DC00E71269 /* Info.plist in Resources */ = {isa = PBXBuildFile; fileRef = 0350634D24FA32DB00E71269 /* Info.plist */; };
		0350635024FA32F000E71269 /* TodayFlightsTests.m in Sources */ = {isa = PBXBuildFile; fileRef = 0350634C24FA32DB00E71269 /* TodayFlightsTests.m */; };
		0350635124FA343400E71269 /* FlightUtilities.framework in Frameworks */ = {isa = PBXBuildFile; fileRef = 0388D66D24ED4A90007BA51E /* FlightUtilities.framework */; settings = {ATTRIBUTES = (Weak, ); }; };
		035063F524FD081300E71269 /* Sparkle.framework in Frameworks */ = {isa = PBXBuildFile; fileRef = 035063F324FD06D600E71269 /* Sparkle.framework */; };
		035063F624FD081300E71269 /* Sparkle.framework in CopyFiles */ = {isa = PBXBuildFile; fileRef = 035063F324FD06D600E71269 /* Sparkle.framework */; settings = {ATTRIBUTES = (CodeSignOnCopy, RemoveHeadersOnCopy, ); }; };
		0351E13224F9FCF800E9976F /* FirstRunViewController.xib in Resources */ = {isa = PBXBuildFile; fileRef = 0351E12B24F9FCF800E9976F /* FirstRunViewController.xib */; };
		0351E13324F9FCF800E9976F /* TodayViewController.m in Sources */ = {isa = PBXBuildFile; fileRef = 0351E12D24F9FCF800E9976F /* TodayViewController.m */; };
		0351E13424F9FCF800E9976F /* FirstRunViewController.m in Sources */ = {isa = PBXBuildFile; fileRef = 0351E12E24F9FCF800E9976F /* FirstRunViewController.m */; };
		0351E13524F9FCF800E9976F /* EditFlightViewController.xib in Resources */ = {isa = PBXBuildFile; fileRef = 0351E12F24F9FCF800E9976F /* EditFlightViewController.xib */; };
		0351E13624F9FCF800E9976F /* EditFlightViewController.m in Sources */ = {isa = PBXBuildFile; fileRef = 0351E13024F9FCF800E9976F /* EditFlightViewController.m */; };
		0351E14024F9FF2900E9976F /* TodayViewController.xib in Resources */ = {isa = PBXBuildFile; fileRef = 0351E13E24F9FF2900E9976F /* TodayViewController.xib */; };
		0351E15724FA08B100E9976F /* InfoPlist.strings in Resources */ = {isa = PBXBuildFile; fileRef = 0351E15524FA08B100E9976F /* InfoPlist.strings */; };
		0351E15E24FA275700E9976F /* DemoWindowController.swift in Sources */ = {isa = PBXBuildFile; fileRef = 0351E15C24FA270B00E9976F /* DemoWindowController.swift */; };
		03781E211DF987B200EF1ABF /* AppKit.framework in Frameworks */ = {isa = PBXBuildFile; fileRef = 03781E201DF987B200EF1ABF /* AppKit.framework */; };
		03781E231DF987B600EF1ABF /* Cocoa.framework in Frameworks */ = {isa = PBXBuildFile; fileRef = 03781E221DF987B600EF1ABF /* Cocoa.framework */; };
		037BFBDC1E4D776D0022A75B /* dsa_pub.pem in CopyFiles */ = {isa = PBXBuildFile; fileRef = 037BFBDB1E4D776D0022A75B /* dsa_pub.pem */; settings = {ATTRIBUTES = (CodeSignOnCopy, ); }; };
		0388D66E24ED4A90007BA51E /* FlightUtilities.framework in Frameworks */ = {isa = PBXBuildFile; fileRef = 0388D66D24ED4A90007BA51E /* FlightUtilities.framework */; settings = {ATTRIBUTES = (Weak, ); }; };
		0388D71F24F74A21007BA51E /* NotificationCenter.framework in Frameworks */ = {isa = PBXBuildFile; fileRef = 036D7BF91DFAB0ED00B28048 /* NotificationCenter.framework */; };
		0388D72E24F74A21007BA51E /* TodayFlightsWidget.appex in Embed App Extensions */ = {isa = PBXBuildFile; fileRef = 0388D71E24F74A21007BA51E /* TodayFlightsWidget.appex */; settings = {ATTRIBUTES = (RemoveHeadersOnCopy, ); }; };
		0388D73224F9D7F4007BA51E /* FlightUtilities.framework in Frameworks */ = {isa = PBXBuildFile; fileRef = 0388D66D24ED4A90007BA51E /* FlightUtilities.framework */; settings = {ATTRIBUTES = (Weak, ); }; };
		038F08D01E4AAA8E0027BE91 /* AppDelegate.swift in Sources */ = {isa = PBXBuildFile; fileRef = 038F08CF1E4AAA8E0027BE91 /* AppDelegate.swift */; };
		038F09021E4AAAAE0027BE91 /* MainMenu.xib in Resources */ = {isa = PBXBuildFile; fileRef = 038F09001E4AAAAE0027BE91 /* MainMenu.xib */; };
		038F090D1E4AAF000027BE91 /* Assets.xcassets in Resources */ = {isa = PBXBuildFile; fileRef = 038F09061E4AAABD0027BE91 /* Assets.xcassets */; };
		03E1CD111E4C22510009E28F /* MapKit.framework in Frameworks */ = {isa = PBXBuildFile; fileRef = 03E1CD101E4C22510009E28F /* MapKit.framework */; };
/* End PBXBuildFile section */

/* Begin PBXContainerItemProxy section */
		0350634624FA32B900E71269 /* PBXContainerItemProxy */ = {
			isa = PBXContainerItemProxy;
			containerPortal = 03781DD71DF9825800EF1ABF /* Project object */;
			proxyType = 1;
			remoteGlobalIDString = 03781DDE1DF9825800EF1ABF;
			remoteInfo = TodayFlights;
		};
		0388D72C24F74A21007BA51E /* PBXContainerItemProxy */ = {
			isa = PBXContainerItemProxy;
			containerPortal = 03781DD71DF9825800EF1ABF /* Project object */;
			proxyType = 1;
			remoteGlobalIDString = 0388D71D24F74A21007BA51E;
			remoteInfo = AnotherTodayTest;
		};
/* End PBXContainerItemProxy section */

/* Begin PBXCopyFilesBuildPhase section */
		036D7C0D1DFAB0ED00B28048 /* Embed App Extensions */ = {
			isa = PBXCopyFilesBuildPhase;
			buildActionMask = 2147483647;
			dstPath = "";
			dstSubfolderSpec = 13;
			files = (
				0388D72E24F74A21007BA51E /* TodayFlightsWidget.appex in Embed App Extensions */,
			);
			name = "Embed App Extensions";
			runOnlyForDeploymentPostprocessing = 0;
		};
		037BFBD81E4D68620022A75B /* CopyFiles */ = {
			isa = PBXCopyFilesBuildPhase;
			buildActionMask = 2147483647;
			dstPath = "";
			dstSubfolderSpec = 10;
			files = (
				035063F624FD081300E71269 /* Sparkle.framework in CopyFiles */,
			);
			runOnlyForDeploymentPostprocessing = 0;
		};
		037BFBDA1E4D775C0022A75B /* CopyFiles */ = {
			isa = PBXCopyFilesBuildPhase;
			buildActionMask = 2147483647;
			dstPath = "";
			dstSubfolderSpec = 7;
			files = (
				037BFBDC1E4D776D0022A75B /* dsa_pub.pem in CopyFiles */,
			);
			runOnlyForDeploymentPostprocessing = 0;
		};
/* End PBXCopyFilesBuildPhase section */

/* Begin PBXFileReference section */
		034A7A911E4D31F700619BFF /* UserDefaults+AppGroup.swift */ = {isa = PBXFileReference; fileEncoding = 4; lastKnownFileType = sourcecode.swift; name = "UserDefaults+AppGroup.swift"; path = "TodayFlights/UserDefaults+AppGroup.swift"; sourceTree = SOURCE_ROOT; };
		034A7A931E4D33DE00619BFF /* AddFlightViewController.swift */ = {isa = PBXFileReference; fileEncoding = 4; lastKnownFileType = sourcecode.swift; name = AddFlightViewController.swift; path = TodayFlights/AddFlightViewController.swift; sourceTree = SOURCE_ROOT; };
		0350634124FA32B900E71269 /* TodayFlightsTests.xctest */ = {isa = PBXFileReference; explicitFileType = wrapper.cfbundle; includeInIndex = 0; path = TodayFlightsTests.xctest; sourceTree = BUILT_PRODUCTS_DIR; };
		0350634C24FA32DB00E71269 /* TodayFlightsTests.m */ = {isa = PBXFileReference; fileEncoding = 4; lastKnownFileType = sourcecode.c.objc; path = TodayFlightsTests.m; sourceTree = "<group>"; };
		0350634D24FA32DB00E71269 /* Info.plist */ = {isa = PBXFileReference; fileEncoding = 4; lastKnownFileType = text.plist.xml; path = Info.plist; sourceTree = "<group>"; };
		035063F324FD06D600E71269 /* Sparkle.framework */ = {isa = PBXFileReference; lastKnownFileType = wrapper.framework; name = Sparkle.framework; path = Carthage/Build/Mac/Sparkle.framework; sourceTree = "<group>"; };
		0351E12924F9FCCF00E9976F /* TodayFlightsWidget.entitlements */ = {isa = PBXFileReference; lastKnownFileType = text.plist.entitlements; name = TodayFlightsWidget.entitlements; path = TodayFlightsWidget/TodayFlightsWidget.entitlements; sourceTree = SOURCE_ROOT; };
		0351E12A24F9FCF800E9976F /* FirstRunViewController.h */ = {isa = PBXFileReference; fileEncoding = 4; lastKnownFileType = sourcecode.c.h; name = FirstRunViewController.h; path = TodayFlightsWidget/FirstRunViewController.h; sourceTree = SOURCE_ROOT; };
		0351E12B24F9FCF800E9976F /* FirstRunViewController.xib */ = {isa = PBXFileReference; fileEncoding = 4; lastKnownFileType = file.xib; name = FirstRunViewController.xib; path = TodayFlightsWidget/FirstRunViewController.xib; sourceTree = SOURCE_ROOT; };
		0351E12C24F9FCF800E9976F /* TodayViewController.h */ = {isa = PBXFileReference; fileEncoding = 4; lastKnownFileType = sourcecode.c.h; name = TodayViewController.h; path = TodayFlightsWidget/TodayViewController.h; sourceTree = SOURCE_ROOT; };
		0351E12D24F9FCF800E9976F /* TodayViewController.m */ = {isa = PBXFileReference; fileEncoding = 4; lastKnownFileType = sourcecode.c.objc; name = TodayViewController.m; path = TodayFlightsWidget/TodayViewController.m; sourceTree = SOURCE_ROOT; };
		0351E12E24F9FCF800E9976F /* FirstRunViewController.m */ = {isa = PBXFileReference; fileEncoding = 4; lastKnownFileType = sourcecode.c.objc; name = FirstRunViewController.m; path = TodayFlightsWidget/FirstRunViewController.m; sourceTree = SOURCE_ROOT; };
		0351E12F24F9FCF800E9976F /* EditFlightViewController.xib */ = {isa = PBXFileReference; fileEncoding = 4; lastKnownFileType = file.xib; name = EditFlightViewController.xib; path = TodayFlightsWidget/EditFlightViewController.xib; sourceTree = SOURCE_ROOT; };
		0351E13024F9FCF800E9976F /* EditFlightViewController.m */ = {isa = PBXFileReference; fileEncoding = 4; lastKnownFileType = sourcecode.c.objc; name = EditFlightViewController.m; path = TodayFlightsWidget/EditFlightViewController.m; sourceTree = SOURCE_ROOT; };
		0351E13124F9FCF800E9976F /* EditFlightViewController.h */ = {isa = PBXFileReference; fileEncoding = 4; lastKnownFileType = sourcecode.c.h; name = EditFlightViewController.h; path = TodayFlightsWidget/EditFlightViewController.h; sourceTree = SOURCE_ROOT; };
		0351E13F24F9FF2900E9976F /* Base */ = {isa = PBXFileReference; lastKnownFileType = file.xib; name = Base; path = TodayViewController.xib; sourceTree = "<group>"; };
		0351E14924FA081000E9976F /* Info.plist */ = {isa = PBXFileReference; lastKnownFileType = text.plist; name = Info.plist; path = TodayFlightsWidget/Info.plist; sourceTree = SOURCE_ROOT; };
		0351E15624FA08B100E9976F /* en */ = {isa = PBXFileReference; lastKnownFileType = text.plist.strings; name = en; path = InfoPlist.strings; sourceTree = "<group>"; };
		0351E15C24FA270B00E9976F /* DemoWindowController.swift */ = {isa = PBXFileReference; fileEncoding = 4; lastKnownFileType = sourcecode.swift; name = DemoWindowController.swift; path = TodayFlights/DemoWindowController.swift; sourceTree = SOURCE_ROOT; };
		036D7BF91DFAB0ED00B28048 /* NotificationCenter.framework */ = {isa = PBXFileReference; lastKnownFileType = wrapper.framework; name = NotificationCenter.framework; path = System/Library/Frameworks/NotificationCenter.framework; sourceTree = SDKROOT; };
		03781DDF1DF9825800EF1ABF /* TodayFlights.app */ = {isa = PBXFileReference; explicitFileType = wrapper.application; includeInIndex = 0; path = TodayFlights.app; sourceTree = BUILT_PRODUCTS_DIR; };
		03781E201DF987B200EF1ABF /* AppKit.framework */ = {isa = PBXFileReference; lastKnownFileType = wrapper.framework; name = AppKit.framework; path = System/Library/Frameworks/AppKit.framework; sourceTree = SDKROOT; };
		03781E221DF987B600EF1ABF /* Cocoa.framework */ = {isa = PBXFileReference; lastKnownFileType = wrapper.framework; name = Cocoa.framework; path = System/Library/Frameworks/Cocoa.framework; sourceTree = SDKROOT; };
		037BFBDB1E4D776D0022A75B /* dsa_pub.pem */ = {isa = PBXFileReference; lastKnownFileType = text; name = dsa_pub.pem; path = ../TodayFlights/dsa_pub.pem; sourceTree = "<group>"; };
		0388D66D24ED4A90007BA51E /* FlightUtilities.framework */ = {isa = PBXFileReference; lastKnownFileType = wrapper.framework; name = FlightUtilities.framework; path = /System/Library/PrivateFrameworks/FlightUtilities.framework; sourceTree = "<group>"; };
		0388D6A124ED53AF007BA51E /* FUFlightViewController.h */ = {isa = PBXFileReference; lastKnownFileType = sourcecode.c.h; path = FUFlightViewController.h; sourceTree = "<group>"; };
		0388D71E24F74A21007BA51E /* TodayFlightsWidget.appex */ = {isa = PBXFileReference; explicitFileType = "wrapper.app-extension"; includeInIndex = 0; path = TodayFlightsWidget.appex; sourceTree = BUILT_PRODUCTS_DIR; };
		038F08CF1E4AAA8E0027BE91 /* AppDelegate.swift */ = {isa = PBXFileReference; fileEncoding = 4; lastKnownFileType = sourcecode.swift; name = AppDelegate.swift; path = TodayFlights/AppDelegate.swift; sourceTree = SOURCE_ROOT; };
		038F09011E4AAAAE0027BE91 /* Base */ = {isa = PBXFileReference; lastKnownFileType = file.xib; name = Base; path = TodayFlights/Base.lproj/MainMenu.xib; sourceTree = SOURCE_ROOT; };
		038F09061E4AAABD0027BE91 /* Assets.xcassets */ = {isa = PBXFileReference; lastKnownFileType = folder.assetcatalog; name = Assets.xcassets; path = TodayFlights/Assets.xcassets; sourceTree = SOURCE_ROOT; };
		038F09081E4AAAD60027BE91 /* Info.plist */ = {isa = PBXFileReference; fileEncoding = 4; lastKnownFileType = text.plist.xml; name = Info.plist; path = TodayFlights/Info.plist; sourceTree = SOURCE_ROOT; };
		038F09091E4AAAD60027BE91 /* TodayFlights.entitlements */ = {isa = PBXFileReference; fileEncoding = 4; lastKnownFileType = text.plist.entitlements; name = TodayFlights.entitlements; path = TodayFlights/TodayFlights.entitlements; sourceTree = SOURCE_ROOT; };
		03E1CD101E4C22510009E28F /* MapKit.framework */ = {isa = PBXFileReference; lastKnownFileType = wrapper.framework; name = MapKit.framework; path = System/Library/Frameworks/MapKit.framework; sourceTree = SDKROOT; };
/* End PBXFileReference section */

/* Begin PBXFrameworksBuildPhase section */
		0350633E24FA32B900E71269 /* Frameworks */ = {
			isa = PBXFrameworksBuildPhase;
			buildActionMask = 2147483647;
			files = (
				0350635124FA343400E71269 /* FlightUtilities.framework in Frameworks */,
			);
			runOnlyForDeploymentPostprocessing = 0;
		};
		03781DDC1DF9825800EF1ABF /* Frameworks */ = {
			isa = PBXFrameworksBuildPhase;
			buildActionMask = 2147483647;
			files = (
				03781E231DF987B600EF1ABF /* Cocoa.framework in Frameworks */,
				03781E211DF987B200EF1ABF /* AppKit.framework in Frameworks */,
				035063F524FD081300E71269 /* Sparkle.framework in Frameworks */,
				03E1CD111E4C22510009E28F /* MapKit.framework in Frameworks */,
				0388D66E24ED4A90007BA51E /* FlightUtilities.framework in Frameworks */,
			);
			runOnlyForDeploymentPostprocessing = 0;
		};
		0388D71B24F74A21007BA51E /* Frameworks */ = {
			isa = PBXFrameworksBuildPhase;
			buildActionMask = 2147483647;
			files = (
				0388D73224F9D7F4007BA51E /* FlightUtilities.framework in Frameworks */,
				0388D71F24F74A21007BA51E /* NotificationCenter.framework in Frameworks */,
			);
			runOnlyForDeploymentPostprocessing = 0;
		};
/* End PBXFrameworksBuildPhase section */

/* Begin PBXGroup section */
		0350634B24FA32DB00E71269 /* TodayFlightsTests */ = {
			isa = PBXGroup;
			children = (
				0350634C24FA32DB00E71269 /* TodayFlightsTests.m */,
				0350634D24FA32DB00E71269 /* Info.plist */,
			);
			path = TodayFlightsTests;
			sourceTree = "<group>";
		};
		0351E13D24F9FF2900E9976F /* Base.lproj */ = {
			isa = PBXGroup;
			children = (
				0351E13E24F9FF2900E9976F /* TodayViewController.xib */,
			);
			name = Base.lproj;
			path = TodayFlightsWidget/Base.lproj;
			sourceTree = SOURCE_ROOT;
		};
		0351E15424FA08B100E9976F /* en.lproj */ = {
			isa = PBXGroup;
			children = (
				0351E15524FA08B100E9976F /* InfoPlist.strings */,
			);
			name = en.lproj;
			path = TodayFlightsWidget/en.lproj;
			sourceTree = SOURCE_ROOT;
		};
		03781DD61DF9825800EF1ABF = {
			isa = PBXGroup;
			children = (
				03781DE11DF9825800EF1ABF /* App */,
				0388D72024F74A21007BA51E /* TodayFlightsWidget */,
				0350634B24FA32DB00E71269 /* TodayFlightsTests */,
				03781DE01DF9825800EF1ABF /* Products */,
				03781E1F1DF987B200EF1ABF /* Frameworks */,
			);
			sourceTree = "<group>";
		};
		03781DE01DF9825800EF1ABF /* Products */ = {
			isa = PBXGroup;
			children = (
				03781DDF1DF9825800EF1ABF /* TodayFlights.app */,
				0388D71E24F74A21007BA51E /* TodayFlightsWidget.appex */,
				0350634124FA32B900E71269 /* TodayFlightsTests.xctest */,
			);
			name = Products;
			sourceTree = "<group>";
		};
		03781DE11DF9825800EF1ABF /* App */ = {
			isa = PBXGroup;
			children = (
				038F08D31E4AAAA60027BE91 /* PrivateHeaders */,
				038F08CF1E4AAA8E0027BE91 /* AppDelegate.swift */,
				038F09001E4AAAAE0027BE91 /* MainMenu.xib */,
				034A7A931E4D33DE00619BFF /* AddFlightViewController.swift */,
				0351E15C24FA270B00E9976F /* DemoWindowController.swift */,
				034A7A911E4D31F700619BFF /* UserDefaults+AppGroup.swift */,
				038F09061E4AAABD0027BE91 /* Assets.xcassets */,
				03AD70F01E1AF3BA00874F53 /* Supporting Files */,
			);
			name = App;
			path = FlightAppTest;
			sourceTree = "<group>";
		};
		03781E1F1DF987B200EF1ABF /* Frameworks */ = {
			isa = PBXGroup;
			children = (
				035063F324FD06D600E71269 /* Sparkle.framework */,
				0388D66D24ED4A90007BA51E /* FlightUtilities.framework */,
				03E1CD101E4C22510009E28F /* MapKit.framework */,
				036D7BF91DFAB0ED00B28048 /* NotificationCenter.framework */,
				03781E221DF987B600EF1ABF /* Cocoa.framework */,
				03781E201DF987B200EF1ABF /* AppKit.framework */,
			);
			name = Frameworks;
			sourceTree = "<group>";
		};
		0388D72024F74A21007BA51E /* TodayFlightsWidget */ = {
			isa = PBXGroup;
			children = (
				0388D75B24F9EFAD007BA51E /* View Controllers */,
				0388D75C24F9EFBD007BA51E /* Supporting Files */,
			);
			path = TodayFlightsWidget;
			sourceTree = "<group>";
		};
		0388D75B24F9EFAD007BA51E /* View Controllers */ = {
			isa = PBXGroup;
			children = (
				0351E13124F9FCF800E9976F /* EditFlightViewController.h */,
				0351E13024F9FCF800E9976F /* EditFlightViewController.m */,
				0351E12F24F9FCF800E9976F /* EditFlightViewController.xib */,
				0351E12A24F9FCF800E9976F /* FirstRunViewController.h */,
				0351E12E24F9FCF800E9976F /* FirstRunViewController.m */,
				0351E12B24F9FCF800E9976F /* FirstRunViewController.xib */,
				0351E12C24F9FCF800E9976F /* TodayViewController.h */,
				0351E12D24F9FCF800E9976F /* TodayViewController.m */,
				0351E13D24F9FF2900E9976F /* Base.lproj */,
			);
			path = "View Controllers";
			sourceTree = "<group>";
		};
		0388D75C24F9EFBD007BA51E /* Supporting Files */ = {
			isa = PBXGroup;
			children = (
				0351E15424FA08B100E9976F /* en.lproj */,
				0351E14924FA081000E9976F /* Info.plist */,
				0351E12924F9FCCF00E9976F /* TodayFlightsWidget.entitlements */,
			);
			path = "Supporting Files";
			sourceTree = "<group>";
		};
		038F08D31E4AAAA60027BE91 /* PrivateHeaders */ = {
			isa = PBXGroup;
			children = (
				038F08D41E4AAAA60027BE91 /* FlightUtilities */,
			);
			name = PrivateHeaders;
			path = TodayFlights/PrivateHeaders;
			sourceTree = SOURCE_ROOT;
		};
		038F08D41E4AAAA60027BE91 /* FlightUtilities */ = {
			isa = PBXGroup;
			children = (
				0388D6A124ED53AF007BA51E /* FUFlightViewController.h */,
			);
			path = FlightUtilities;
			sourceTree = "<group>";
		};
		03AD70F01E1AF3BA00874F53 /* Supporting Files */ = {
			isa = PBXGroup;
			children = (
				038F09081E4AAAD60027BE91 /* Info.plist */,
				038F09091E4AAAD60027BE91 /* TodayFlights.entitlements */,
				037BFBDB1E4D776D0022A75B /* dsa_pub.pem */,
			);
			name = "Supporting Files";
			sourceTree = "<group>";
		};
/* End PBXGroup section */

/* Begin PBXNativeTarget section */
		0350634024FA32B900E71269 /* TodayFlightsTests */ = {
			isa = PBXNativeTarget;
			buildConfigurationList = 0350634824FA32B900E71269 /* Build configuration list for PBXNativeTarget "TodayFlightsTests" */;
			buildPhases = (
				0350633D24FA32B900E71269 /* Sources */,
				0350633E24FA32B900E71269 /* Frameworks */,
				0350633F24FA32B900E71269 /* Resources */,
			);
			buildRules = (
			);
			dependencies = (
				0350634724FA32B900E71269 /* PBXTargetDependency */,
			);
			name = TodayFlightsTests;
			productName = TodayFlightsTests;
			productReference = 0350634124FA32B900E71269 /* TodayFlightsTests.xctest */;
			productType = "com.apple.product-type.bundle.unit-test";
		};
		03781DDE1DF9825800EF1ABF /* TodayFlights */ = {
			isa = PBXNativeTarget;
			buildConfigurationList = 03781DEC1DF9825800EF1ABF /* Build configuration list for PBXNativeTarget "TodayFlights" */;
			buildPhases = (
				03781DDB1DF9825800EF1ABF /* Sources */,
				03781DDC1DF9825800EF1ABF /* Frameworks */,
				03781DDD1DF9825800EF1ABF /* Resources */,
				036D7C0D1DFAB0ED00B28048 /* Embed App Extensions */,
				037BFBD81E4D68620022A75B /* CopyFiles */,
				037BFBDA1E4D775C0022A75B /* CopyFiles */,
			);
			buildRules = (
			);
			dependencies = (
				0388D72D24F74A21007BA51E /* PBXTargetDependency */,
			);
			name = TodayFlights;
			productName = FlightAppTest;
			productReference = 03781DDF1DF9825800EF1ABF /* TodayFlights.app */;
			productType = "com.apple.product-type.application";
		};
		0388D71D24F74A21007BA51E /* TodayFlightsWidget */ = {
			isa = PBXNativeTarget;
			buildConfigurationList = 0388D72F24F74A21007BA51E /* Build configuration list for PBXNativeTarget "TodayFlightsWidget" */;
			buildPhases = (
				0388D71A24F74A21007BA51E /* Sources */,
				0388D71B24F74A21007BA51E /* Frameworks */,
				0388D71C24F74A21007BA51E /* Resources */,
			);
			buildRules = (
			);
			dependencies = (
			);
			name = TodayFlightsWidget;
			productName = AnotherTodayTest;
			productReference = 0388D71E24F74A21007BA51E /* TodayFlightsWidget.appex */;
			productType = "com.apple.product-type.app-extension";
		};
/* End PBXNativeTarget section */

/* Begin PBXProject section */
		03781DD71DF9825800EF1ABF /* Project object */ = {
			isa = PBXProject;
			attributes = {
				LastSwiftUpdateCheck = 0810;
				LastUpgradeCheck = 1160;
				ORGANIZATIONNAME = "Josh Parnham";
				TargetAttributes = {
					0350634024FA32B900E71269 = {
						CreatedOnToolsVersion = 11.6;
						DevelopmentTeam = 3C7269R37R;
						ProvisioningStyle = Automatic;
						TestTargetID = 03781DDE1DF9825800EF1ABF;
					};
					03781DDE1DF9825800EF1ABF = {
						CreatedOnToolsVersion = 8.1;
						DevelopmentTeam = 3C7269R37R;
						LastSwiftMigration = 1020;
						ProvisioningStyle = Automatic;
						SystemCapabilities = {
							com.apple.ApplicationGroups.Mac = {
								enabled = 1;
							};
							com.apple.Maps.Mac = {
								enabled = 1;
							};
							com.apple.Sandbox = {
								enabled = 1;
							};
						};
					};
					0388D71D24F74A21007BA51E = {
						CreatedOnToolsVersion = 11.6;
						DevelopmentTeam = 3C7269R37R;
						LastSwiftMigration = 1160;
						ProvisioningStyle = Automatic;
					};
				};
			};
			buildConfigurationList = 03781DDA1DF9825800EF1ABF /* Build configuration list for PBXProject "TodayFlights" */;
			compatibilityVersion = "Xcode 3.2";
			developmentRegion = en;
			hasScannedForEncodings = 0;
			knownRegions = (
				en,
				Base,
			);
			mainGroup = 03781DD61DF9825800EF1ABF;
			productRefGroup = 03781DE01DF9825800EF1ABF /* Products */;
			projectDirPath = "";
			projectRoot = "";
			targets = (
				03781DDE1DF9825800EF1ABF /* TodayFlights */,
				0388D71D24F74A21007BA51E /* TodayFlightsWidget */,
				0350634024FA32B900E71269 /* TodayFlightsTests */,
			);
		};
/* End PBXProject section */

/* Begin PBXResourcesBuildPhase section */
		0350633F24FA32B900E71269 /* Resources */ = {
			isa = PBXResourcesBuildPhase;
			buildActionMask = 2147483647;
			files = (
			);
			runOnlyForDeploymentPostprocessing = 0;
		};
		03781DDD1DF9825800EF1ABF /* Resources */ = {
			isa = PBXResourcesBuildPhase;
			buildActionMask = 2147483647;
			files = (
				038F090D1E4AAF000027BE91 /* Assets.xcassets in Resources */,
				038F09021E4AAAAE0027BE91 /* MainMenu.xib in Resources */,
				0350634F24FA32DC00E71269 /* Info.plist in Resources */,
			);
			runOnlyForDeploymentPostprocessing = 0;
		};
		0388D71C24F74A21007BA51E /* Resources */ = {
			isa = PBXResourcesBuildPhase;
			buildActionMask = 2147483647;
			files = (
				0351E14024F9FF2900E9976F /* TodayViewController.xib in Resources */,
				0351E13524F9FCF800E9976F /* EditFlightViewController.xib in Resources */,
				0351E13224F9FCF800E9976F /* FirstRunViewController.xib in Resources */,
				0351E15724FA08B100E9976F /* InfoPlist.strings in Resources */,
			);
			runOnlyForDeploymentPostprocessing = 0;
		};
/* End PBXResourcesBuildPhase section */

/* Begin PBXSourcesBuildPhase section */
		0350633D24FA32B900E71269 /* Sources */ = {
			isa = PBXSourcesBuildPhase;
			buildActionMask = 2147483647;
			files = (
				0350635024FA32F000E71269 /* TodayFlightsTests.m in Sources */,
			);
			runOnlyForDeploymentPostprocessing = 0;
		};
		03781DDB1DF9825800EF1ABF /* Sources */ = {
			isa = PBXSourcesBuildPhase;
			buildActionMask = 2147483647;
			files = (
				038F08D01E4AAA8E0027BE91 /* AppDelegate.swift in Sources */,
				034A7A941E4D33DE00619BFF /* AddFlightViewController.swift in Sources */,
				0351E15E24FA275700E9976F /* DemoWindowController.swift in Sources */,
				034A7A921E4D31F700619BFF /* UserDefaults+AppGroup.swift in Sources */,
			);
			runOnlyForDeploymentPostprocessing = 0;
		};
		0388D71A24F74A21007BA51E /* Sources */ = {
			isa = PBXSourcesBuildPhase;
			buildActionMask = 2147483647;
			files = (
				0351E13624F9FCF800E9976F /* EditFlightViewController.m in Sources */,
				0351E13324F9FCF800E9976F /* TodayViewController.m in Sources */,
				0351E13424F9FCF800E9976F /* FirstRunViewController.m in Sources */,
			);
			runOnlyForDeploymentPostprocessing = 0;
		};
/* End PBXSourcesBuildPhase section */

/* Begin PBXTargetDependency section */
		0350634724FA32B900E71269 /* PBXTargetDependency */ = {
			isa = PBXTargetDependency;
			target = 03781DDE1DF9825800EF1ABF /* TodayFlights */;
			targetProxy = 0350634624FA32B900E71269 /* PBXContainerItemProxy */;
		};
		0388D72D24F74A21007BA51E /* PBXTargetDependency */ = {
			isa = PBXTargetDependency;
			target = 0388D71D24F74A21007BA51E /* TodayFlightsWidget */;
			targetProxy = 0388D72C24F74A21007BA51E /* PBXContainerItemProxy */;
		};
/* End PBXTargetDependency section */

/* Begin PBXVariantGroup section */
		0351E13E24F9FF2900E9976F /* TodayViewController.xib */ = {
			isa = PBXVariantGroup;
			children = (
				0351E13F24F9FF2900E9976F /* Base */,
			);
			name = TodayViewController.xib;
			sourceTree = "<group>";
		};
		0351E15524FA08B100E9976F /* InfoPlist.strings */ = {
			isa = PBXVariantGroup;
			children = (
				0351E15624FA08B100E9976F /* en */,
			);
			name = InfoPlist.strings;
			sourceTree = "<group>";
		};
		038F09001E4AAAAE0027BE91 /* MainMenu.xib */ = {
			isa = PBXVariantGroup;
			children = (
				038F09011E4AAAAE0027BE91 /* Base */,
			);
			name = MainMenu.xib;
			sourceTree = "<group>";
		};
/* End PBXVariantGroup section */

/* Begin XCBuildConfiguration section */
		0350634924FA32B900E71269 /* Debug */ = {
			isa = XCBuildConfiguration;
			buildSettings = {
				ALWAYS_EMBED_SWIFT_STANDARD_LIBRARIES = YES;
				BUNDLE_LOADER = "$(TEST_HOST)";
				CLANG_ANALYZER_NUMBER_OBJECT_CONVERSION = YES_AGGRESSIVE;
				CLANG_CXX_LANGUAGE_STANDARD = "gnu++14";
				CLANG_ENABLE_OBJC_WEAK = YES;
				CLANG_WARN_UNGUARDED_AVAILABILITY = YES_AGGRESSIVE;
				CODE_SIGN_IDENTITY = "Apple Development";
				CODE_SIGN_STYLE = Automatic;
				COMBINE_HIDPI_IMAGES = YES;
				DEVELOPMENT_TEAM = 3C7269R37R;
				GCC_C_LANGUAGE_STANDARD = gnu11;
				INFOPLIST_FILE = TodayFlightsTests/Info.plist;
				LD_RUNPATH_SEARCH_PATHS = "$(inherited) @executable_path/../Frameworks @loader_path/../Frameworks";
				MTL_ENABLE_DEBUG_INFO = INCLUDE_SOURCE;
				MTL_FAST_MATH = YES;
				PRODUCT_BUNDLE_IDENTIFIER = com.joshparnham.TodayFlightsTests;
				PRODUCT_NAME = "$(TARGET_NAME)";
				SYSTEM_FRAMEWORK_SEARCH_PATHS = "$(inherited) $(SYSTEM_LIBRARY_DIR)/PrivateFrameworks";
				TEST_HOST = "$(BUILT_PRODUCTS_DIR)/TodayFlights.app/Contents/MacOS/TodayFlights";
			};
			name = Debug;
		};
		0350634A24FA32B900E71269 /* Release */ = {
			isa = XCBuildConfiguration;
			buildSettings = {
				ALWAYS_EMBED_SWIFT_STANDARD_LIBRARIES = YES;
				BUNDLE_LOADER = "$(TEST_HOST)";
				CLANG_ANALYZER_NUMBER_OBJECT_CONVERSION = YES_AGGRESSIVE;
				CLANG_CXX_LANGUAGE_STANDARD = "gnu++14";
				CLANG_ENABLE_OBJC_WEAK = YES;
				CLANG_WARN_UNGUARDED_AVAILABILITY = YES_AGGRESSIVE;
				CODE_SIGN_IDENTITY = "Apple Development";
				CODE_SIGN_STYLE = Automatic;
				COMBINE_HIDPI_IMAGES = YES;
				DEVELOPMENT_TEAM = 3C7269R37R;
				GCC_C_LANGUAGE_STANDARD = gnu11;
				INFOPLIST_FILE = TodayFlightsTests/Info.plist;
				LD_RUNPATH_SEARCH_PATHS = "$(inherited) @executable_path/../Frameworks @loader_path/../Frameworks";
				MTL_FAST_MATH = YES;
				PRODUCT_BUNDLE_IDENTIFIER = com.joshparnham.TodayFlightsTests;
				PRODUCT_NAME = "$(TARGET_NAME)";
				SYSTEM_FRAMEWORK_SEARCH_PATHS = "$(inherited) $(SYSTEM_LIBRARY_DIR)/PrivateFrameworks";
				TEST_HOST = "$(BUILT_PRODUCTS_DIR)/TodayFlights.app/Contents/MacOS/TodayFlights";
			};
			name = Release;
		};
		03781DEA1DF9825800EF1ABF /* Debug */ = {
			isa = XCBuildConfiguration;
			buildSettings = {
				ALWAYS_SEARCH_USER_PATHS = NO;
				CLANG_ANALYZER_LOCALIZABILITY_NONLOCALIZED = YES;
				CLANG_ANALYZER_NONNULL = YES;
				CLANG_CXX_LANGUAGE_STANDARD = "gnu++0x";
				CLANG_CXX_LIBRARY = "libc++";
				CLANG_ENABLE_MODULES = YES;
				CLANG_ENABLE_OBJC_ARC = YES;
				CLANG_WARN_BLOCK_CAPTURE_AUTORELEASING = YES;
				CLANG_WARN_BOOL_CONVERSION = YES;
				CLANG_WARN_COMMA = YES;
				CLANG_WARN_CONSTANT_CONVERSION = YES;
				CLANG_WARN_DEPRECATED_OBJC_IMPLEMENTATIONS = YES;
				CLANG_WARN_DIRECT_OBJC_ISA_USAGE = YES_ERROR;
				CLANG_WARN_DOCUMENTATION_COMMENTS = YES;
				CLANG_WARN_EMPTY_BODY = YES;
				CLANG_WARN_ENUM_CONVERSION = YES;
				CLANG_WARN_INFINITE_RECURSION = YES;
				CLANG_WARN_INT_CONVERSION = YES;
				CLANG_WARN_NON_LITERAL_NULL_CONVERSION = YES;
				CLANG_WARN_OBJC_IMPLICIT_RETAIN_SELF = YES;
				CLANG_WARN_OBJC_LITERAL_CONVERSION = YES;
				CLANG_WARN_OBJC_ROOT_CLASS = YES_ERROR;
				CLANG_WARN_RANGE_LOOP_ANALYSIS = YES;
				CLANG_WARN_STRICT_PROTOTYPES = YES;
				CLANG_WARN_SUSPICIOUS_MOVE = YES;
				CLANG_WARN_SUSPICIOUS_MOVES = YES;
				CLANG_WARN_UNREACHABLE_CODE = YES;
				CLANG_WARN__DUPLICATE_METHOD_MATCH = YES;
				CODE_SIGN_ENTITLEMENTS = "";
				CODE_SIGN_IDENTITY = "-";
				COPY_PHASE_STRIP = NO;
				DEBUG_INFORMATION_FORMAT = dwarf;
				ENABLE_STRICT_OBJC_MSGSEND = YES;
				ENABLE_TESTABILITY = YES;
				GCC_C_LANGUAGE_STANDARD = gnu99;
				GCC_DYNAMIC_NO_PIC = NO;
				GCC_NO_COMMON_BLOCKS = YES;
				GCC_OPTIMIZATION_LEVEL = 0;
				GCC_PREPROCESSOR_DEFINITIONS = (
					"DEBUG=1",
					"$(inherited)",
				);
				GCC_WARN_64_TO_32_BIT_CONVERSION = YES;
				GCC_WARN_ABOUT_RETURN_TYPE = YES_ERROR;
				GCC_WARN_UNDECLARED_SELECTOR = YES;
				GCC_WARN_UNINITIALIZED_AUTOS = YES_AGGRESSIVE;
				GCC_WARN_UNUSED_FUNCTION = YES;
				GCC_WARN_UNUSED_VARIABLE = YES;
				MACOSX_DEPLOYMENT_TARGET = 10.15;
				MTL_ENABLE_DEBUG_INFO = YES;
				ONLY_ACTIVE_ARCH = YES;
				SDKROOT = macosx;
				SWIFT_ACTIVE_COMPILATION_CONDITIONS = DEBUG;
				SWIFT_OBJC_BRIDGING_HEADER = "$(SRCROOT)/TodayFlights/PrivateHeaders/FlightUtilities/FUFlightViewController.h";
				SWIFT_OPTIMIZATION_LEVEL = "-Onone";
			};
			name = Debug;
		};
		03781DEB1DF9825800EF1ABF /* Release */ = {
			isa = XCBuildConfiguration;
			buildSettings = {
				ALWAYS_SEARCH_USER_PATHS = NO;
				CLANG_ANALYZER_LOCALIZABILITY_NONLOCALIZED = YES;
				CLANG_ANALYZER_NONNULL = YES;
				CLANG_CXX_LANGUAGE_STANDARD = "gnu++0x";
				CLANG_CXX_LIBRARY = "libc++";
				CLANG_ENABLE_MODULES = YES;
				CLANG_ENABLE_OBJC_ARC = YES;
				CLANG_WARN_BLOCK_CAPTURE_AUTORELEASING = YES;
				CLANG_WARN_BOOL_CONVERSION = YES;
				CLANG_WARN_COMMA = YES;
				CLANG_WARN_CONSTANT_CONVERSION = YES;
				CLANG_WARN_DEPRECATED_OBJC_IMPLEMENTATIONS = YES;
				CLANG_WARN_DIRECT_OBJC_ISA_USAGE = YES_ERROR;
				CLANG_WARN_DOCUMENTATION_COMMENTS = YES;
				CLANG_WARN_EMPTY_BODY = YES;
				CLANG_WARN_ENUM_CONVERSION = YES;
				CLANG_WARN_INFINITE_RECURSION = YES;
				CLANG_WARN_INT_CONVERSION = YES;
				CLANG_WARN_NON_LITERAL_NULL_CONVERSION = YES;
				CLANG_WARN_OBJC_IMPLICIT_RETAIN_SELF = YES;
				CLANG_WARN_OBJC_LITERAL_CONVERSION = YES;
				CLANG_WARN_OBJC_ROOT_CLASS = YES_ERROR;
				CLANG_WARN_RANGE_LOOP_ANALYSIS = YES;
				CLANG_WARN_STRICT_PROTOTYPES = YES;
				CLANG_WARN_SUSPICIOUS_MOVE = YES;
				CLANG_WARN_SUSPICIOUS_MOVES = YES;
				CLANG_WARN_UNREACHABLE_CODE = YES;
				CLANG_WARN__DUPLICATE_METHOD_MATCH = YES;
				CODE_SIGN_ENTITLEMENTS = "";
				CODE_SIGN_IDENTITY = "-";
				COPY_PHASE_STRIP = NO;
				DEBUG_INFORMATION_FORMAT = "dwarf-with-dsym";
				ENABLE_NS_ASSERTIONS = NO;
				ENABLE_STRICT_OBJC_MSGSEND = YES;
				GCC_C_LANGUAGE_STANDARD = gnu99;
				GCC_NO_COMMON_BLOCKS = YES;
				GCC_WARN_64_TO_32_BIT_CONVERSION = YES;
				GCC_WARN_ABOUT_RETURN_TYPE = YES_ERROR;
				GCC_WARN_UNDECLARED_SELECTOR = YES;
				GCC_WARN_UNINITIALIZED_AUTOS = YES_AGGRESSIVE;
				GCC_WARN_UNUSED_FUNCTION = YES;
				GCC_WARN_UNUSED_VARIABLE = YES;
				MACOSX_DEPLOYMENT_TARGET = 10.15;
				MTL_ENABLE_DEBUG_INFO = NO;
				SDKROOT = macosx;
				SWIFT_OBJC_BRIDGING_HEADER = "$(SRCROOT)/TodayFlights/PrivateHeaders/FlightUtilities/FUFlightViewController.h";
				SWIFT_OPTIMIZATION_LEVEL = "-Owholemodule";
			};
			name = Release;
		};
		03781DED1DF9825800EF1ABF /* Debug */ = {
			isa = XCBuildConfiguration;
			buildSettings = {
				ASSETCATALOG_COMPILER_APPICON_NAME = AppIcon;
				CLANG_ENABLE_MODULES = YES;
				CODE_SIGN_ENTITLEMENTS = TodayFlights/TodayFlights.entitlements;
				CODE_SIGN_IDENTITY = "Mac Developer";
				COMBINE_HIDPI_IMAGES = YES;
				CURRENT_PROJECT_VERSION = 2;
				DEVELOPMENT_TEAM = 3C7269R37R;
				ENABLE_HARDENED_RUNTIME = YES;
				FRAMEWORK_SEARCH_PATHS = (
					"$(inherited)",
					"$(SYSTEM_LIBRARY_DIR)/PrivateFrameworks",
					"$(PROJECT_DIR)",
					"$(PROJECT_DIR)/Carthage/Build/Mac",
				);
				INFOPLIST_FILE = TodayFlights/Info.plist;
				LD_RUNPATH_SEARCH_PATHS = "$(inherited) @executable_path/../Frameworks @loader_path/../Frameworks";
				MARKETING_VERSION = 1.1;
				PRODUCT_BUNDLE_IDENTIFIER = com.joshparnham.TodayFlights;
				PRODUCT_NAME = "$(TARGET_NAME)";
				SWIFT_OBJC_BRIDGING_HEADER = "$(SRCROOT)/TodayFlights/PrivateHeaders/FlightUtilities/FUFlightViewController.h";
				SWIFT_OPTIMIZATION_LEVEL = "-Onone";
				SWIFT_VERSION = 5.0;
			};
			name = Debug;
		};
		03781DEE1DF9825800EF1ABF /* Release */ = {
			isa = XCBuildConfiguration;
			buildSettings = {
				ASSETCATALOG_COMPILER_APPICON_NAME = AppIcon;
				CLANG_ENABLE_MODULES = YES;
				CODE_SIGN_ENTITLEMENTS = TodayFlights/TodayFlights.entitlements;
				CODE_SIGN_IDENTITY = "Mac Developer";
				COMBINE_HIDPI_IMAGES = YES;
				CURRENT_PROJECT_VERSION = 2;
				DEVELOPMENT_TEAM = 3C7269R37R;
				ENABLE_HARDENED_RUNTIME = YES;
				FRAMEWORK_SEARCH_PATHS = (
					"$(inherited)",
					"$(SYSTEM_LIBRARY_DIR)/PrivateFrameworks",
					"$(PROJECT_DIR)",
					"$(PROJECT_DIR)/Carthage/Build/Mac",
				);
				INFOPLIST_FILE = TodayFlights/Info.plist;
				LD_RUNPATH_SEARCH_PATHS = "$(inherited) @executable_path/../Frameworks @loader_path/../Frameworks";
				MARKETING_VERSION = 1.1;
				PRODUCT_BUNDLE_IDENTIFIER = com.joshparnham.TodayFlights;
				PRODUCT_NAME = "$(TARGET_NAME)";
				SWIFT_OBJC_BRIDGING_HEADER = "$(SRCROOT)/TodayFlights/PrivateHeaders/FlightUtilities/FUFlightViewController.h";
				SWIFT_VERSION = 5.0;
			};
			name = Release;
		};
		0388D73024F74A21007BA51E /* Debug */ = {
			isa = XCBuildConfiguration;
			buildSettings = {
				CLANG_ANALYZER_NUMBER_OBJECT_CONVERSION = YES_AGGRESSIVE;
				CLANG_CXX_LANGUAGE_STANDARD = "gnu++14";
				CLANG_ENABLE_MODULES = YES;
				CLANG_ENABLE_OBJC_WEAK = YES;
				CLANG_WARN_UNGUARDED_AVAILABILITY = YES_AGGRESSIVE;
				CODE_SIGN_ENTITLEMENTS = TodayFlightsWidget/TodayFlightsWidget.entitlements;
				CODE_SIGN_IDENTITY = "Mac Developer";
				CODE_SIGN_STYLE = Automatic;
				COMBINE_HIDPI_IMAGES = YES;
				CURRENT_PROJECT_VERSION = 2;
				DEVELOPMENT_TEAM = 3C7269R37R;
				ENABLE_HARDENED_RUNTIME = YES;
				GCC_C_LANGUAGE_STANDARD = gnu11;
				INFOPLIST_EXPAND_BUILD_SETTINGS = YES;
				INFOPLIST_FILE = TodayFlightsWidget/Info.plist;
				LD_RUNPATH_SEARCH_PATHS = "$(inherited) @executable_path/../Frameworks @executable_path/../../../../Frameworks";
				MARKETING_VERSION = 1.1;
				MTL_ENABLE_DEBUG_INFO = INCLUDE_SOURCE;
				MTL_FAST_MATH = YES;
				PRODUCT_BUNDLE_IDENTIFIER = com.joshparnham.TodayFlights.Widget;
				PRODUCT_NAME = "$(TARGET_NAME)";
				SKIP_INSTALL = YES;
				SWIFT_OPTIMIZATION_LEVEL = "-Onone";
				SWIFT_VERSION = 5.0;
				SYSTEM_FRAMEWORK_SEARCH_PATHS = "$(inherited) $(SYSTEM_LIBRARY_DIR)/PrivateFrameworks";
			};
			name = Debug;
		};
		0388D73124F74A21007BA51E /* Release */ = {
			isa = XCBuildConfiguration;
			buildSettings = {
				CLANG_ANALYZER_NUMBER_OBJECT_CONVERSION = YES_AGGRESSIVE;
				CLANG_CXX_LANGUAGE_STANDARD = "gnu++14";
				CLANG_ENABLE_MODULES = YES;
				CLANG_ENABLE_OBJC_WEAK = YES;
				CLANG_WARN_UNGUARDED_AVAILABILITY = YES_AGGRESSIVE;
				CODE_SIGN_ENTITLEMENTS = TodayFlightsWidget/TodayFlightsWidget.entitlements;
				CODE_SIGN_IDENTITY = "Mac Developer";
				CODE_SIGN_STYLE = Automatic;
				COMBINE_HIDPI_IMAGES = YES;
				CURRENT_PROJECT_VERSION = 2;
				DEVELOPMENT_TEAM = 3C7269R37R;
				ENABLE_HARDENED_RUNTIME = YES;
				GCC_C_LANGUAGE_STANDARD = gnu11;
				INFOPLIST_EXPAND_BUILD_SETTINGS = YES;
				INFOPLIST_FILE = TodayFlightsWidget/Info.plist;
				LD_RUNPATH_SEARCH_PATHS = "$(inherited) @executable_path/../Frameworks @executable_path/../../../../Frameworks";
				MARKETING_VERSION = 1.1;
				MTL_FAST_MATH = YES;
				PRODUCT_BUNDLE_IDENTIFIER = com.joshparnham.TodayFlights.Widget;
				PRODUCT_NAME = "$(TARGET_NAME)";
				SKIP_INSTALL = YES;
				SWIFT_VERSION = 5.0;
				SYSTEM_FRAMEWORK_SEARCH_PATHS = "$(inherited) $(SYSTEM_LIBRARY_DIR)/PrivateFrameworks";
			};
			name = Release;
		};
/* End XCBuildConfiguration section */

/* Begin XCConfigurationList section */
		0350634824FA32B900E71269 /* Build configuration list for PBXNativeTarget "TodayFlightsTests" */ = {
			isa = XCConfigurationList;
			buildConfigurations = (
				0350634924FA32B900E71269 /* Debug */,
				0350634A24FA32B900E71269 /* Release */,
			);
			defaultConfigurationIsVisible = 0;
			defaultConfigurationName = Release;
		};
		03781DDA1DF9825800EF1ABF /* Build configuration list for PBXProject "TodayFlights" */ = {
			isa = XCConfigurationList;
			buildConfigurations = (
				03781DEA1DF9825800EF1ABF /* Debug */,
				03781DEB1DF9825800EF1ABF /* Release */,
			);
			defaultConfigurationIsVisible = 0;
			defaultConfigurationName = Release;
		};
		03781DEC1DF9825800EF1ABF /* Build configuration list for PBXNativeTarget "TodayFlights" */ = {
			isa = XCConfigurationList;
			buildConfigurations = (
				03781DED1DF9825800EF1ABF /* Debug */,
				03781DEE1DF9825800EF1ABF /* Release */,
			);
			defaultConfigurationIsVisible = 0;
			defaultConfigurationName = Release;
		};
		0388D72F24F74A21007BA51E /* Build configuration list for PBXNativeTarget "TodayFlightsWidget" */ = {
			isa = XCConfigurationList;
			buildConfigurations = (
				0388D73024F74A21007BA51E /* Debug */,
				0388D73124F74A21007BA51E /* Release */,
			);
			defaultConfigurationIsVisible = 0;
			defaultConfigurationName = Release;
		};
/* End XCConfigurationList section */
	};
	rootObject = 03781DD71DF9825800EF1ABF /* Project object */;
}
